
Microsoft Visual Studio Solution File, Format Version 10.00
# Visual C++ Express 2008
Project("{8BC9CEB8-8B4A-11D0-8D11-00A0C91BC942}") = "Knapsack", "Knapsack\Knapsack.vcproj", "{AA6C7808-117B-4B24-9107-FA46BB2753A0}"
EndProject
Global
	GlobalSection(SolutionConfigurationPlatforms) = preSolution
		Debug|Win32 = Debug|Win32
		Release|Win32 = Release|Win32
	EndGlobalSection
	GlobalSection(ProjectConfigurationPlatforms) = postSolution
		{AA6C7808-117B-4B24-9107-FA46BB2753A0}.Debug|Win32.ActiveCfg = Debug|Win32
		{AA6C7808-117B-4B24-9107-FA46BB2753A0}.Debug|Win32.Build.0 = Debug|Win32
		{AA6C7808-117B-4B24-9107-FA46BB2753A0}.Release|Win32.ActiveCfg = Release|Win32
		{AA6C7808-117B-4B24-9107-FA46BB2753A0}.Release|Win32.Build.0 = Release|Win32
	EndGlobalSection
	GlobalSection(SolutionProperties) = preSolution
		HideSolutionNode = FALSE
	EndGlobalSection
EndGlobal
